# This file is autogenerated, do not edit; changes may be undone by the next 'dep ensure'.


[[projects]]
  branch = "master"
  digest = "1:8e91b80da6d170d8350e3dcbd275237846a3f6e6a4236fcc35e9cb06dd08db1c"
  name = "github.com/Chronokeeper/anyxml"
  packages = ["."]
  pruneopts = "UT"
  revision = "54457d8e98c60cb91f18947facfa991ce3ea2ba3"

[[projects]]
  branch = "master"
  digest = "1:d4bdf20b93b78346d40681c66ee5133839780911140b70ef553f117b2a963cb7"
  name = "github.com/CloudyKit/fastprinter"
  packages = ["."]
  pruneopts = "UT"
  revision = "74b38d55f37af5d6c05ca11147d616b613a3420e"

[[projects]]
  digest = "1:5803f73e8574ed21d2d746b4abe020acea49e64838dcc97c8ae76e3b93f36964"
  name = "github.com/CloudyKit/jet"
  packages = ["."]
  pruneopts = "UT"
  revision = "2b064536b25ab0e9c54245f9e2cc5bd4766033fe"
  version = "v2.1.2"

[[projects]]
  branch = "master"
  digest = "1:6f1cea979946d760c3f9726923490f4ce6b427ec2cfd28824fdcc321aaa1dc91"
  name = "github.com/agrison/go-tablib"
  packages = ["."]
  pruneopts = "UT"
  revision = "4930582c22eec7bfc0e5b47e0246d5048a78fe49"

[[projects]]
  branch = "master"
  digest = "1:c77dea0f5e8ca7f60127638a660c23b5183126bc4d59c89e2cad16737843fb51"
  name = "github.com/agrison/mxj"
  packages = ["."]
  pruneopts = "UT"
  revision = "1269f8afb3b42d0e7b9cf60041e8e187727c88d6"

[[projects]]
  digest = "1:6bf2ee5be0e5b6cf8fb2a4f6710cadd5737d0dd3a75798a6564634747535ca93"
  name = "github.com/bndr/gotabulate"
  packages = ["."]
  pruneopts = "UT"
  revision = "94ff52dbe671866d4f5cd3463ecdad8ec550e578"
  version = "v1.1.2"

[[projects]]
  digest = "1:af43bdaaf86655a2343f113e9b293bbc16b12099eaeb223982bbe4d4c22ba14d"
  name = "github.com/fatih/structs"
  packages = ["."]
  pruneopts = "UT"
  revision = "4966fc68f5b7593aafa6cbbba2d65ec6e1416047"
  version = "v1.1.0"

[[projects]]
  digest = "1:38c783cf85b9454cc02a1a8319239800ed0af6c1c864adf19cea0539e134adad"
  name = "github.com/fsnotify/fsnotify"
  packages = ["."]
  pruneopts = "UT"
  revision = "4da3e2cfbabc9f751898f250b49f2439785783a1"

[[projects]]
  branch = "master"
  digest = "1:3e5152411037b6a4828139532c1e60eccc3eb7abf9bf5d8f7faeeb04a48361b1"
  name = "github.com/gin-contrib/sessions"
  packages = ["."]
  pruneopts = "UT"
  revision = "1532893d996f0fedbac1162ea1311ebfb57a3da5"

[[projects]]
  digest = "1:36fe9527deed01d2a317617e59304eb2c4ce9f8a24115bcc5c2e37b3aee5bae4"
  name = "github.com/gin-contrib/sse"
  packages = ["."]
  pruneopts = "UT"
  revision = "22d885f9ecc78bf4ee5d72b937e4bbcdc58e8cae"

[[projects]]
  digest = "1:d5083934eb25e45d17f72ffa86cae3814f4a9d6c073c4f16b64147169b245606"
  name = "github.com/gin-gonic/gin"
  packages = [
    ".",
    "binding",
    "json",
    "render",
  ]
  pruneopts = "UT"
  revision = "b869fe1415e4b9eb52f247441830d502aece2d4d"
  version = "v1.3.0"

[[projects]]
  digest = "1:d37c61a335d13bc49b3f90e9e13c8686e4548839b69c58549e727afb2245c454"
  name = "github.com/go-ini/ini"
  packages = ["."]
  pruneopts = "UT"
  revision = "c85607071cf08ca1adaf48319cd1aa322e81d8c1"
  version = "v1.42.0"

[[projects]]
  digest = "1:ec6f9bf5e274c833c911923c9193867f3f18788c461f76f05f62bb1510e0ae65"
  name = "github.com/go-sql-driver/mysql"
  packages = ["."]
  pruneopts = "UT"
  revision = "72cd26f257d44c1114970e19afddcd812016007e"
  version = "v1.4.1"

[[projects]]
  digest = "1:6ba96a683441984156b05568b9d31dbc846d3336d21ac220fcc819a367dc1f65"
  name = "github.com/golang/protobuf"
  packages = ["proto"]
  pruneopts = "UT"
  revision = "5a0f697c9ed9d68fef0116532c6e05cfeae00e55"

[[projects]]
  digest = "1:c79fb010be38a59d657c48c6ba1d003a8aa651fa56b579d959d74573b7dff8e1"
  name = "github.com/gorilla/context"
  packages = ["."]
  pruneopts = "UT"
  revision = "08b5f424b9271eedf6f9f0ce86cb9396ed337a42"
  version = "v1.1.1"

[[projects]]
  digest = "1:e72d1ebb8d395cf9f346fd9cbc652e5ae222dd85e0ac842dc57f175abed6d195"
  name = "github.com/gorilla/securecookie"
  packages = ["."]
  pruneopts = "UT"
  revision = "e59506cc896acb7f7bf732d4fdf5e25f7ccd8983"
  version = "v1.1.1"

[[projects]]
  digest = "1:e5bf52fd66a2e984b57b4c0f2c4ee024ed749a19886246240629998dc0cf31ce"
  name = "github.com/gorilla/sessions"
  packages = ["."]
  pruneopts = "UT"
  revision = "f57b7e2d29c6211d16ffa52a0998272f75799030"
  version = "v1.1.3"

[[projects]]
  digest = "1:be97e109f627d3ba8edfef50c9c74f0d0c17cbe3a2e924a8985e4804a894f282"
  name = "github.com/json-iterator/go"
  packages = ["."]
  pruneopts = "UT"
  revision = "36b14963da70d11297d313183d7e6388c8510e1e"
  version = "1.0.0"

[[projects]]
  digest = "1:fa610f9fe6a93f4a75e64c83673dfff9bf1a34bbb21e6102021b6bc7850834a3"
  name = "github.com/mattn/go-isatty"
  packages = ["."]
  pruneopts = "UT"
  revision = "57fdcb988a5c543893cc61bce354a6e24ab70022"

[[projects]]
  digest = "1:e60f2f1cd2e8dfdea48c2440c303d103266e754ab1d8b75796a4e4caddb7a68c"
  name = "github.com/tealeg/xlsx"
  packages = ["."]
  pruneopts = "UT"
  revision = "8be35264fa75a1bbe954ce51eba04f273e2c59e5"
  version = "v1.0.3"

[[projects]]
  digest = "1:c268acaa4a4d94a467980e5e91452eb61c460145765293dc0aed48e5e9919cc6"
  name = "github.com/ugorji/go"
  packages = ["codec"]
  pruneopts = "UT"
  revision = "c88ee250d0221a57af388746f5cf03768c21d6e2"

[[projects]]
  digest = "1:d81a708124c38e074fd655f8e9e9218e9461eb208cf23d787b58b193fd3547af"
  name = "github.com/unrolled/render"
  packages = ["."]
  pruneopts = "UT"
  revision = "449f3985007486f7f42ca7f62b4c8b45d6d89cbf"
  version = "v1.0.0"

[[projects]]
  branch = "master"
  digest = "1:1233f7c36e502dfbe21dccf94c1272dd663c41827802253d6c70fe1b81fcaccf"
  name = "github.com/xormplus/builder"
  packages = ["."]
  pruneopts = "UT"
  revision = "b12ceebee76fefe10c429b385ffacaeb2c6711a8"

[[projects]]
  branch = "master"
  digest = "1:9ca6032f6a2ed8c3eeaffa170c6e5ecd727f07aa9f5991ca16b590c826e0803c"
  name = "github.com/xormplus/core"
  packages = ["."]
  pruneopts = "UT"
  revision = "da7907271e2f0d28538963c94e019bfb8101e258"

[[projects]]
  branch = "master"
  digest = "1:83b886f7c05da245b3ab67faf5e854df051ab0825a96fd40eba0e233444e6260"
  name = "github.com/xormplus/xorm"
  packages = ["."]
  pruneopts = "UT"
  revision = "c34726af8844797ff88b4c91f52f3bcd6e74578f"

[[projects]]
  branch = "master"
  digest = "1:5637b3b43405643229e55140bb3049dfa7d73957ba9ecfccc31cdadbfbe0b1f9"
  name = "golang.org/x/sys"
  packages = ["unix"]
  pruneopts = "UT"
  revision = "f49334f85ddcf0f08d7fb6dd7363e9e6d6b777eb"

[[projects]]
  digest = "1:c25289f43ac4a68d88b02245742347c94f1e108c534dda442188015ff80669b3"
  name = "google.golang.org/appengine"
  packages = ["cloudsql"]
  pruneopts = "UT"
  revision = "54a98f90d1c46b7731eb8fb305d2a321c30ef610"
  version = "v1.5.0"

[[projects]]
  digest = "1:434aab943cc1c082c9df36bd4b1f107d9ef4af930d2ce13d3f2eb008df9196f0"
  name = "gopkg.in/flosch/pongo2.v3"
  packages = ["."]
  pruneopts = "UT"
  revision = "5e81b817a0c48c1c57cdf1a9056cf76bdee02ca9"
  version = "v3.0"

[[projects]]
  digest = "1:1b4724d3c8125f6044925f02b485b74bfec9905cbf579d95aafd1a6c8f8447d3"
  name = "gopkg.in/go-playground/validator.v8"
  packages = ["."]
  pruneopts = "UT"
  revision = "5f57d2222ad794d0dffb07e664ea05e2ee07d60c"
  version = "v8.18.1"

[[projects]]
  digest = "1:4d2e5a73dc1500038e504a8d78b986630e3626dc027bc030ba5c75da257cdb96"
  name = "gopkg.in/yaml.v2"
  packages = ["."]
  pruneopts = "UT"
  revision = "51d6538a90f86fe93ac480b35f37b2be17fef232"
  version = "v2.2.2"

[solve-meta]
  analyzer-name = "dep"
  analyzer-version = 1
  input-imports = [
    "github.com/gin-contrib/sessions",
    "github.com/gin-gonic/gin",
    "github.com/gin-gonic/gin/render",
    "github.com/go-ini/ini",
    "github.com/go-sql-driver/mysql",
    "github.com/unrolled/render",
    "github.com/xormplus/xorm",
  ]
  solver-name = "gps-cdcl"
  solver-version = 1
